
Microsoft Visual Studio Solution File, Format Version 12.00
# Visual Studio Version 17
VisualStudioVersion = 17.9.34728.123
MinimumVisualStudioVersion = 10.0.40219.1
Project("{FAE04EC0-301F-11D3-BF4B-00C04F79EFBC}") = "Products Management", "Products Management\Products Management.csproj", "{0BA09B5C-8202-4910-90E6-74E36988B8E5}"
EndProject
Global
	GlobalSection(SolutionConfigurationPlatforms) = preSolution
		Debug|Any CPU = Debug|Any CPU
		Release|Any CPU = Release|Any CPU
	EndGlobalSection
	GlobalSection(ProjectConfigurationPlatforms) = postSolution
		{0BA09B5C-8202-4910-90E6-74E36988B8E5}.Debug|Any CPU.ActiveCfg = Debug|Any CPU
		{0BA09B5C-8202-4910-90E6-74E36988B8E5}.Debug|Any CPU.Build.0 = Debug|Any CPU
		{0BA09B5C-8202-4910-90E6-74E36988B8E5}.Release|Any CPU.ActiveCfg = Release|Any CPU
		{0BA09B5C-8202-4910-90E6-74E36988B8E5}.Release|Any CPU.Build.0 = Release|Any CPU
	EndGlobalSection
	GlobalSection(SolutionProperties) = preSolution
		HideSolutionNode = FALSE
	EndGlobalSection
	GlobalSection(ExtensibilityGlobals) = postSolution
		SolutionGuid = {F0A7D1E8-5159-4EF2-893D-3CCFF16659AD}
	EndGlobalSection
EndGlobal
